
Microsoft Visual Studio Solution File, Format Version 12.00
# Visual Studio 15
VisualStudioVersion = 15.0.28307.102
MinimumVisualStudioVersion = 10.0.40219.1
Project("{FAE04EC0-301F-11D3-BF4B-00C04F79EFBC}") = "Simple Git Project", "Simple Git Project\Simple Git Project.csproj", "{5E1E83B4-0E36-452A-A2FE-D64134753CB9}"
EndProject
Global
	GlobalSection(SolutionConfigurationPlatforms) = preSolution
		Debug|Any CPU = Debug|Any CPU
		Release|Any CPU = Release|Any CPU
	EndGlobalSection
	GlobalSection(ProjectConfigurationPlatforms) = postSolution
		{5E1E83B4-0E36-452A-A2FE-D64134753CB9}.Debug|Any CPU.ActiveCfg = Debug|Any CPU
		{5E1E83B4-0E36-452A-A2FE-D64134753CB9}.Debug|Any CPU.Build.0 = Debug|Any CPU
		{5E1E83B4-0E36-452A-A2FE-D64134753CB9}.Release|Any CPU.ActiveCfg = Release|Any CPU
		{5E1E83B4-0E36-452A-A2FE-D64134753CB9}.Release|Any CPU.Build.0 = Release|Any CPU
	EndGlobalSection
	GlobalSection(SolutionProperties) = preSolution
		HideSolutionNode = FALSE
	EndGlobalSection
	GlobalSection(ExtensibilityGlobals) = postSolution
		SolutionGuid = {1ECE3C74-DAAE-4025-9101-ECF87A1956EF}
	EndGlobalSection
EndGlobal
